
Microsoft Visual Studio Solution File, Format Version 12.00
# Visual Studio Version 16
VisualStudioVersion = 16.0.31424.327
MinimumVisualStudioVersion = 10.0.40219.1
Project("{FAE04EC0-301F-11D3-BF4B-00C04F79EFBC}") = "HandyControlWpfApp", "HandyControlWpfApp.csproj", "{F65327AF-DF09-490C-B511-03819E7DD425}"
EndProject
Global
	GlobalSection(SolutionConfigurationPlatforms) = preSolution
		Debug|Any CPU = Debug|Any CPU
		Release|Any CPU = Release|Any CPU
	EndGlobalSection
	GlobalSection(ProjectConfigurationPlatforms) = postSolution
		{F65327AF-DF09-490C-B511-03819E7DD425}.Debug|Any CPU.ActiveCfg = Debug|Any CPU
		{F65327AF-DF09-490C-B511-03819E7DD425}.Debug|Any CPU.Build.0 = Debug|Any CPU
		{F65327AF-DF09-490C-B511-03819E7DD425}.Release|Any CPU.ActiveCfg = Release|Any CPU
		{F65327AF-DF09-490C-B511-03819E7DD425}.Release|Any CPU.Build.0 = Release|Any CPU
	EndGlobalSection
	GlobalSection(SolutionProperties) = preSolution
		HideSolutionNode = FALSE
	EndGlobalSection
	GlobalSection(ExtensibilityGlobals) = postSolution
		SolutionGuid = {4F651204-D871-4FA1-869F-707A660BC99F}
	EndGlobalSection
EndGlobal
